
Microsoft Visual Studio Solution File, Format Version 12.00
# Visual Studio Version 16
VisualStudioVersion = 16.0.30011.22
MinimumVisualStudioVersion = 10.0.40219.1
Project("{FAE04EC0-301F-11D3-BF4B-00C04F79EFBC}") = "Zaawansowane_programowanie_obiektowe_zadania_zaliczeniowe", "Zaawansowane_programowanie_obiektowe_zadania_zaliczeniowe.csproj", "{6918E8C5-B5BD-4420-9DBF-3AE4A2FFC866}"
EndProject
Global
	GlobalSection(SolutionConfigurationPlatforms) = preSolution
		Debug|Any CPU = Debug|Any CPU
		Release|Any CPU = Release|Any CPU
	EndGlobalSection
	GlobalSection(ProjectConfigurationPlatforms) = postSolution
		{6918E8C5-B5BD-4420-9DBF-3AE4A2FFC866}.Debug|Any CPU.ActiveCfg = Debug|Any CPU
		{6918E8C5-B5BD-4420-9DBF-3AE4A2FFC866}.Debug|Any CPU.Build.0 = Debug|Any CPU
		{6918E8C5-B5BD-4420-9DBF-3AE4A2FFC866}.Release|Any CPU.ActiveCfg = Release|Any CPU
		{6918E8C5-B5BD-4420-9DBF-3AE4A2FFC866}.Release|Any CPU.Build.0 = Release|Any CPU
	EndGlobalSection
	GlobalSection(SolutionProperties) = preSolution
		HideSolutionNode = FALSE
	EndGlobalSection
	GlobalSection(ExtensibilityGlobals) = postSolution
		SolutionGuid = {2A5F34E4-7529-44E3-BB06-81328275EC1D}
	EndGlobalSection
EndGlobal
